
Microsoft Visual Studio Solution File, Format Version 12.00
# Visual Studio Version 16
VisualStudioVersion = 25.0.1706.4
MinimumVisualStudioVersion = 10.0.40219.1
Project("{FAE04EC0-301F-11D3-BF4B-00C04F79EFBC}") = "Iteration-Statements_8", "Iteration-Statements_8\Iteration-Statements_8.csproj", "{2A108507-0C11-444E-B610-26B43BD21225}"
EndProject
Global
	GlobalSection(SolutionConfigurationPlatforms) = preSolution
		Debug|Any CPU = Debug|Any CPU
		Release|Any CPU = Release|Any CPU
	EndGlobalSection
	GlobalSection(ProjectConfigurationPlatforms) = postSolution
		{2A108507-0C11-444E-B610-26B43BD21225}.Debug|Any CPU.ActiveCfg = Debug|Any CPU
		{2A108507-0C11-444E-B610-26B43BD21225}.Debug|Any CPU.Build.0 = Debug|Any CPU
		{2A108507-0C11-444E-B610-26B43BD21225}.Release|Any CPU.ActiveCfg = Release|Any CPU
		{2A108507-0C11-444E-B610-26B43BD21225}.Release|Any CPU.Build.0 = Release|Any CPU
	EndGlobalSection
	GlobalSection(SolutionProperties) = preSolution
		HideSolutionNode = FALSE
	EndGlobalSection
	GlobalSection(ExtensibilityGlobals) = postSolution
		SolutionGuid = {F05F3B18-14D0-4BA5-A840-5602F2E6ECE1}
	EndGlobalSection
EndGlobal
